
Microsoft Visual Studio Solution File, Format Version 12.00
# Visual Studio Version 16
VisualStudioVersion = 16.0.32002.261
MinimumVisualStudioVersion = 10.0.40219.1
Project("{FAE04EC0-301F-11D3-BF4B-00C04F79EFBC}") = "WebApp", "WebApp\WebApp.csproj", "{93D1122D-C998-4DCF-998F-03B6CB0F6A6F}"
EndProject
Project("{FAE04EC0-301F-11D3-BF4B-00C04F79EFBC}") = "UseCases", "UseCases\UseCases.csproj", "{4E863184-FCA7-43E4-9235-0D9C7739417C}"
EndProject
Project("{FAE04EC0-301F-11D3-BF4B-00C04F79EFBC}") = "CoreBusines", "CoreBusines\CoreBusines.csproj", "{37566217-78A3-4D80-8DE0-B414DAA48AD9}"
EndProject
Project("{FAE04EC0-301F-11D3-BF4B-00C04F79EFBC}") = "Plugins.DataStore.InMemory", "Plugins.DataStore.InMemory\Plugins.DataStore.InMemory.csproj", "{73224A16-4FC2-42DE-97F5-F750173274C2}"
EndProject
Global
	GlobalSection(SolutionConfigurationPlatforms) = preSolution
		Debug|Any CPU = Debug|Any CPU
		Release|Any CPU = Release|Any CPU
	EndGlobalSection
	GlobalSection(ProjectConfigurationPlatforms) = postSolution
		{93D1122D-C998-4DCF-998F-03B6CB0F6A6F}.Debug|Any CPU.ActiveCfg = Debug|Any CPU
		{93D1122D-C998-4DCF-998F-03B6CB0F6A6F}.Debug|Any CPU.Build.0 = Debug|Any CPU
		{93D1122D-C998-4DCF-998F-03B6CB0F6A6F}.Release|Any CPU.ActiveCfg = Release|Any CPU
		{93D1122D-C998-4DCF-998F-03B6CB0F6A6F}.Release|Any CPU.Build.0 = Release|Any CPU
		{4E863184-FCA7-43E4-9235-0D9C7739417C}.Debug|Any CPU.ActiveCfg = Debug|Any CPU
		{4E863184-FCA7-43E4-9235-0D9C7739417C}.Debug|Any CPU.Build.0 = Debug|Any CPU
		{4E863184-FCA7-43E4-9235-0D9C7739417C}.Release|Any CPU.ActiveCfg = Release|Any CPU
		{4E863184-FCA7-43E4-9235-0D9C7739417C}.Release|Any CPU.Build.0 = Release|Any CPU
		{37566217-78A3-4D80-8DE0-B414DAA48AD9}.Debug|Any CPU.ActiveCfg = Debug|Any CPU
		{37566217-78A3-4D80-8DE0-B414DAA48AD9}.Debug|Any CPU.Build.0 = Debug|Any CPU
		{37566217-78A3-4D80-8DE0-B414DAA48AD9}.Release|Any CPU.ActiveCfg = Release|Any CPU
		{37566217-78A3-4D80-8DE0-B414DAA48AD9}.Release|Any CPU.Build.0 = Release|Any CPU
		{73224A16-4FC2-42DE-97F5-F750173274C2}.Debug|Any CPU.ActiveCfg = Debug|Any CPU
		{73224A16-4FC2-42DE-97F5-F750173274C2}.Debug|Any CPU.Build.0 = Debug|Any CPU
		{73224A16-4FC2-42DE-97F5-F750173274C2}.Release|Any CPU.ActiveCfg = Release|Any CPU
		{73224A16-4FC2-42DE-97F5-F750173274C2}.Release|Any CPU.Build.0 = Release|Any CPU
	EndGlobalSection
	GlobalSection(SolutionProperties) = preSolution
		HideSolutionNode = FALSE
	EndGlobalSection
	GlobalSection(ExtensibilityGlobals) = postSolution
		SolutionGuid = {E7652325-49D7-44DA-AA49-281ACB10EFB1}
	EndGlobalSection
EndGlobal
